
Microsoft Visual Studio Solution File, Format Version 12.00
# Visual Studio Version 17
VisualStudioVersion = 17.8.34309.116
MinimumVisualStudioVersion = 10.0.40219.1
Project("{9A19103F-16F7-4668-BE54-9A1E7A4F7556}") = "RES.API.BackOffice", "RES.API.BackOffice/RES.API.BackOffice.csproj", "{A093C1D6-FB69-4D28-B890-27AE70209404}"
EndProject
Global
	GlobalSection(SolutionConfigurationPlatforms) = preSolution
		Debug|Any CPU = Debug|Any CPU
		Release|Any CPU = Release|Any CPU
	EndGlobalSection
	GlobalSection(ProjectConfigurationPlatforms) = postSolution
		{A093C1D6-FB69-4D28-B890-27AE70209404}.Debug|Any CPU.ActiveCfg = Debug|Any CPU
		{A093C1D6-FB69-4D28-B890-27AE70209404}.Debug|Any CPU.Build.0 = Debug|Any CPU
		{A093C1D6-FB69-4D28-B890-27AE70209404}.Release|Any CPU.ActiveCfg = Release|Any CPU
		{A093C1D6-FB69-4D28-B890-27AE70209404}.Release|Any CPU.Build.0 = Release|Any CPU
	EndGlobalSection
	GlobalSection(SolutionProperties) = preSolution
		HideSolutionNode = FALSE
	EndGlobalSection
	GlobalSection(ExtensibilityGlobals) = postSolution
		SolutionGuid = {05BF4EA3-C642-4D2E-82EB-73CD177BA260}
	EndGlobalSection
EndGlobal
